{
  "requires": true,
  "lockfileVersion": 1,
  "dependencies": {
    "@chenfengyuan/create-vue-component": {
      "version": "1.1.0",
      "resolved": "https://registry.npmjs.org/@chenfengyuan/create-vue-component/-/create-vue-component-1.1.0.tgz",
      "integrity": "sha512-TW/HVptQa/3Hms1FZPln2UbWuQudUKbbKnEGhApjA/GMIfQ41Lt3SRaLwSEkOJozVIbXllAA5RAFF9zTqeIsqg==",
      "requires": {
        "is-vue-component": "^1.0.0"
      }
    },
    "@chenfengyuan/vue-carousel": {
      "version": "1.0.3",
      "resolved": "https://registry.npmjs.org/@chenfengyuan/vue-carousel/-/vue-carousel-1.0.3.tgz",
      "integrity": "sha512-q3A3k7NLb6sJizBvL+OP5XAzosAYFIywDXG18H67m6WIs+bXws+1zNUboPuIaGZ2J0spnLQ8ruixRayo4yRmDA==",
      "requires": {
        "@chenfengyuan/create-vue-component": "^1.1.0"
      }
    },
    "de-indent": {
      "version": "1.0.2",
      "resolved": "https://registry.npmjs.org/de-indent/-/de-indent-1.0.2.tgz",
      "integrity": "sha1-sgOOhG3DO6pXlhKNCAS0VbjB4h0="
    },
    "he": {
      "version": "1.2.0",
      "resolved": "https://registry.npmjs.org/he/-/he-1.2.0.tgz",
      "integrity": "sha512-F/1DnUGPopORZi0ni+CvrCgHQ5FyEAHRLSApuYWMmrbSwoN2Mn/7k+Gl38gJnR7yyDZk6WLXwiGod1JOWNDKGw=="
    },
    "is-non-null-object": {
      "version": "1.0.0",
      "resolved": "https://registry.npmjs.org/is-non-null-object/-/is-non-null-object-1.0.0.tgz",
      "integrity": "sha512-MYBGKRSoNifYx3aoV+TNrUieiAFkdZLXCz5OoiPpArtQv9WWiDwgMXZMeC8bPN7I0CsYpgZxg3C4wjljqggn8w=="
    },
    "is-vue-component": {
      "version": "1.0.0",
      "resolved": "https://registry.npmjs.org/is-vue-component/-/is-vue-component-1.0.0.tgz",
      "integrity": "sha512-frTAznlMCFMghK3mn262vQwPacdac/RqIdI7yzvQ9kiaktUIzocQ7xNt0xOj6C5Q61uHJgzQsScwmY8MwG4/sA==",
      "requires": {
        "is-non-null-object": "^1.0.0"
      }
    },
    "vue": {
      "version": "2.6.11",
      "resolved": "https://registry.npmjs.org/vue/-/vue-2.6.11.tgz",
      "integrity": "sha512-VfPwgcGABbGAue9+sfrD4PuwFar7gPb1yl1UK1MwXoQPAw0BKSqWfoYCT/ThFrdEVWoI51dBuyCoiNU9bZDZxQ=="
    },
    "vue-carousel-3d": {
      "version": "0.2.0",
      "resolved": "https://registry.npmjs.org/vue-carousel-3d/-/vue-carousel-3d-0.2.0.tgz",
      "integrity": "sha512-soZChzi9l81pvK0xgXlfEO+E2Oc1Uj9UPAC/KOBLJHr2VPDQwwybP3CVwlOlDRBeZF/KGn0oEtjQ6YjtjHW2ew=="
    },
    "vue-template-compiler": {
      "version": "2.6.11",
      "resolved": "https://registry.npmjs.org/vue-template-compiler/-/vue-template-compiler-2.6.11.tgz",
      "integrity": "sha512-KIq15bvQDrcCjpGjrAhx4mUlyyHfdmTaoNfeoATHLAiWB+MU3cx4lOzMwrnUh9cCxy0Lt1T11hAFY6TQgroUAA==",
      "requires": {
        "de-indent": "^1.0.2",
        "he": "^1.1.0"
      }
    }
  }
}
